
Microsoft Visual Studio Solution File, Format Version 12.00
# Visual Studio 15
VisualStudioVersion = 15.0.27703.2026
MinimumVisualStudioVersion = 10.0.40219.1
Project("{FAE04EC0-301F-11D3-BF4B-00C04F79EFBC}") = "Routing_yapisini_anlama", "Routing_yapisini_anlama\Routing_yapisini_anlama.csproj", "{25822A56-FDE0-4944-A5CA-ADE0C6ADA8CE}"
EndProject
Global
	GlobalSection(SolutionConfigurationPlatforms) = preSolution
		Debug|Any CPU = Debug|Any CPU
		Release|Any CPU = Release|Any CPU
	EndGlobalSection
	GlobalSection(ProjectConfigurationPlatforms) = postSolution
		{25822A56-FDE0-4944-A5CA-ADE0C6ADA8CE}.Debug|Any CPU.ActiveCfg = Debug|Any CPU
		{25822A56-FDE0-4944-A5CA-ADE0C6ADA8CE}.Debug|Any CPU.Build.0 = Debug|Any CPU
		{25822A56-FDE0-4944-A5CA-ADE0C6ADA8CE}.Release|Any CPU.ActiveCfg = Release|Any CPU
		{25822A56-FDE0-4944-A5CA-ADE0C6ADA8CE}.Release|Any CPU.Build.0 = Release|Any CPU
	EndGlobalSection
	GlobalSection(SolutionProperties) = preSolution
		HideSolutionNode = FALSE
	EndGlobalSection
	GlobalSection(ExtensibilityGlobals) = postSolution
		SolutionGuid = {1EBD0B00-750C-46CD-81D8-E8BC592EAA35}
	EndGlobalSection
EndGlobal
